// !$*UTF8*$!
{
	archiveVersion = 1;
	classes = {
	};
	objectVersion = 55;
	objects = {

/* Begin PBXBuildFile section */
		16FE950597D9280DF6CF7B6F /* Pods_flix_flixUITests.framework in Frameworks */ = {isa = PBXBuildFile; fileRef = 21253B9AD37D62A31812719A /* Pods_flix_flixUITests.framework */; };
		489E89AEF276202EE2DEA24B /* Pods_flixTests.framework in Frameworks */ = {isa = PBXBuildFile; fileRef = F377C118C0B525F5F52D5AAA /* Pods_flixTests.framework */; };
		541EA7EB6281EC17AE74E90A /* Pods_flix.framework in Frameworks */ = {isa = PBXBuildFile; fileRef = 13F64AAB154F33C3EB8B4DF0 /* Pods_flix.framework */; };
		9A6A9FC127BB46A4008B11A2 /* AppDelegate.swift in Sources */ = {isa = PBXBuildFile; fileRef = 9A6A9FC027BB46A4008B11A2 /* AppDelegate.swift */; };
		9A6A9FC327BB46A4008B11A2 /* SceneDelegate.swift in Sources */ = {isa = PBXBuildFile; fileRef = 9A6A9FC227BB46A4008B11A2 /* SceneDelegate.swift */; };
		9A6A9FC827BB46A4008B11A2 /* Main.storyboard in Resources */ = {isa = PBXBuildFile; fileRef = 9A6A9FC627BB46A4008B11A2 /* Main.storyboard */; };
		9A6A9FCA27BB46A6008B11A2 /* Assets.xcassets in Resources */ = {isa = PBXBuildFile; fileRef = 9A6A9FC927BB46A6008B11A2 /* Assets.xcassets */; };
		9A6A9FCD27BB46A6008B11A2 /* LaunchScreen.storyboard in Resources */ = {isa = PBXBuildFile; fileRef = 9A6A9FCB27BB46A6008B11A2 /* LaunchScreen.storyboard */; };
		9A6A9FD827BB46A6008B11A2 /* flixTests.swift in Sources */ = {isa = PBXBuildFile; fileRef = 9A6A9FD727BB46A6008B11A2 /* flixTests.swift */; };
		9A6A9FE227BB46A6008B11A2 /* flixUITests.swift in Sources */ = {isa = PBXBuildFile; fileRef = 9A6A9FE127BB46A6008B11A2 /* flixUITests.swift */; };
		9A6A9FE427BB46A6008B11A2 /* flixUITestsLaunchTests.swift in Sources */ = {isa = PBXBuildFile; fileRef = 9A6A9FE327BB46A6008B11A2 /* flixUITestsLaunchTests.swift */; };
		9A6A9FFA27BC1F78008B11A2 /* MoviesViewController.swift in Sources */ = {isa = PBXBuildFile; fileRef = 9A6A9FF927BC1F78008B11A2 /* MoviesViewController.swift */; };
		9A6A9FFC27BC32DA008B11A2 /* MovieCell.swift in Sources */ = {isa = PBXBuildFile; fileRef = 9A6A9FFB27BC32DA008B11A2 /* MovieCell.swift */; };
		9A6A9FFF27BC3B33008B11A2 /* AlamofireImage in Frameworks */ = {isa = PBXBuildFile; productRef = 9A6A9FFE27BC3B33008B11A2 /* AlamofireImage */; };
		9AD6D0D227C4800B00631793 /* MovieGridCell.swift in Sources */ = {isa = PBXBuildFile; fileRef = 9AD6D0D127C4800A00631793 /* MovieGridCell.swift */; };
		9ADF176027C2A89A0052ECA0 /* MovieDetailsViewController.swift in Sources */ = {isa = PBXBuildFile; fileRef = 9ADF175F27C2A89A0052ECA0 /* MovieDetailsViewController.swift */; };
		9ADF176427C2F44F0052ECA0 /* MovieGridViewController.swift in Sources */ = {isa = PBXBuildFile; fileRef = 9ADF176327C2F44F0052ECA0 /* MovieGridViewController.swift */; };
/* End PBXBuildFile section */

/* Begin PBXContainerItemProxy section */
		9A6A9FD427BB46A6008B11A2 /* PBXContainerItemProxy */ = {
			isa = PBXContainerItemProxy;
			containerPortal = 9A6A9FB527BB46A4008B11A2 /* Project object */;
			proxyType = 1;
			remoteGlobalIDString = 9A6A9FBC27BB46A4008B11A2;
			remoteInfo = flix;
		};
		9A6A9FDE27BB46A6008B11A2 /* PBXContainerItemProxy */ = {
			isa = PBXContainerItemProxy;
			containerPortal = 9A6A9FB527BB46A4008B11A2 /* Project object */;
			proxyType = 1;
			remoteGlobalIDString = 9A6A9FBC27BB46A4008B11A2;
			remoteInfo = flix;
		};
/* End PBXContainerItemProxy section */

/* Begin PBXFileReference section */
		13F64AAB154F33C3EB8B4DF0 /* Pods_flix.framework */ = {isa = PBXFileReference; explicitFileType = wrapper.framework; includeInIndex = 0; path = Pods_flix.framework; sourceTree = BUILT_PRODUCTS_DIR; };
		16C7DF119500B335676CA365 /* Pods-flix.release.xcconfig */ = {isa = PBXFileReference; includeInIndex = 1; lastKnownFileType = text.xcconfig; name = "Pods-flix.release.xcconfig"; path = "Target Support Files/Pods-flix/Pods-flix.release.xcconfig"; sourceTree = "<group>"; };
		21253B9AD37D62A31812719A /* Pods_flix_flixUITests.framework */ = {isa = PBXFileReference; explicitFileType = wrapper.framework; includeInIndex = 0; path = Pods_flix_flixUITests.framework; sourceTree = BUILT_PRODUCTS_DIR; };
		398F3BB171567E4D0867B68C /* Pods-flix-flixUITests.release.xcconfig */ = {isa = PBXFileReference; includeInIndex = 1; lastKnownFileType = text.xcconfig; name = "Pods-flix-flixUITests.release.xcconfig"; path = "Target Support Files/Pods-flix-flixUITests/Pods-flix-flixUITests.release.xcconfig"; sourceTree = "<group>"; };
		50A5E2788462B29D326B61A6 /* Pods-flix.debug.xcconfig */ = {isa = PBXFileReference; includeInIndex = 1; lastKnownFileType = text.xcconfig; name = "Pods-flix.debug.xcconfig"; path = "Target Support Files/Pods-flix/Pods-flix.debug.xcconfig"; sourceTree = "<group>"; };
		5548C828FBED0B0747F333F3 /* Pods-flix-flixUITests.debug.xcconfig */ = {isa = PBXFileReference; includeInIndex = 1; lastKnownFileType = text.xcconfig; name = "Pods-flix-flixUITests.debug.xcconfig"; path = "Target Support Files/Pods-flix-flixUITests/Pods-flix-flixUITests.debug.xcconfig"; sourceTree = "<group>"; };
		9A6A9FBD27BB46A4008B11A2 /* flix.app */ = {isa = PBXFileReference; explicitFileType = wrapper.application; includeInIndex = 0; path = flix.app; sourceTree = BUILT_PRODUCTS_DIR; };
		9A6A9FC027BB46A4008B11A2 /* AppDelegate.swift */ = {isa = PBXFileReference; lastKnownFileType = sourcecode.swift; path = AppDelegate.swift; sourceTree = "<group>"; };
		9A6A9FC227BB46A4008B11A2 /* SceneDelegate.swift */ = {isa = PBXFileReference; lastKnownFileType = sourcecode.swift; path = SceneDelegate.swift; sourceTree = "<group>"; };
		9A6A9FC727BB46A4008B11A2 /* Base */ = {isa = PBXFileReference; lastKnownFileType = file.storyboard; name = Base; path = Base.lproj/Main.storyboard; sourceTree = "<group>"; };
		9A6A9FC927BB46A6008B11A2 /* Assets.xcassets */ = {isa = PBXFileReference; lastKnownFileType = folder.assetcatalog; path = Assets.xcassets; sourceTree = "<group>"; };
		9A6A9FCC27BB46A6008B11A2 /* Base */ = {isa = PBXFileReference; lastKnownFileType = file.storyboard; name = Base; path = Base.lproj/LaunchScreen.storyboard; sourceTree = "<group>"; };
		9A6A9FCE27BB46A6008B11A2 /* Info.plist */ = {isa = PBXFileReference; lastKnownFileType = text.plist.xml; path = Info.plist; sourceTree = "<group>"; };
		9A6A9FD327BB46A6008B11A2 /* flixTests.xctest */ = {isa = PBXFileReference; explicitFileType = wrapper.cfbundle; includeInIndex = 0; path = flixTests.xctest; sourceTree = BUILT_PRODUCTS_DIR; };
		9A6A9FD727BB46A6008B11A2 /* flixTests.swift */ = {isa = PBXFileReference; lastKnownFileType = sourcecode.swift; path = flixTests.swift; sourceTree = "<group>"; };
		9A6A9FDD27BB46A6008B11A2 /* flixUITests.xctest */ = {isa = PBXFileReference; explicitFileType = wrapper.cfbundle; includeInIndex = 0; path = flixUITests.xctest; sourceTree = BUILT_PRODUCTS_DIR; };
		9A6A9FE127BB46A6008B11A2 /* flixUITests.swift */ = {isa = PBXFileReference; lastKnownFileType = sourcecode.swift; path = flixUITests.swift; sourceTree = "<group>"; };
		9A6A9FE327BB46A6008B11A2 /* flixUITestsLaunchTests.swift */ = {isa = PBXFileReference; lastKnownFileType = sourcecode.swift; path = flixUITestsLaunchTests.swift; sourceTree = "<group>"; };
		9A6A9FF927BC1F78008B11A2 /* MoviesViewController.swift */ = {isa = PBXFileReference; lastKnownFileType = sourcecode.swift; path = MoviesViewController.swift; sourceTree = "<group>"; };
		9A6A9FFB27BC32DA008B11A2 /* MovieCell.swift */ = {isa = PBXFileReference; lastKnownFileType = sourcecode.swift; path = MovieCell.swift; sourceTree = "<group>"; };
		9AD6D0D127C4800A00631793 /* MovieGridCell.swift */ = {isa = PBXFileReference; lastKnownFileType = sourcecode.swift; path = MovieGridCell.swift; sourceTree = "<group>"; };
		9ADF175F27C2A89A0052ECA0 /* MovieDetailsViewController.swift */ = {isa = PBXFileReference; lastKnownFileType = sourcecode.swift; path = MovieDetailsViewController.swift; sourceTree = "<group>"; };
		9ADF176327C2F44F0052ECA0 /* MovieGridViewController.swift */ = {isa = PBXFileReference; lastKnownFileType = sourcecode.swift; path = MovieGridViewController.swift; sourceTree = "<group>"; };
		A743CBBB0F77FCFE15198710 /* Pods-flixTests.release.xcconfig */ = {isa = PBXFileReference; includeInIndex = 1; lastKnownFileType = text.xcconfig; name = "Pods-flixTests.release.xcconfig"; path = "Target Support Files/Pods-flixTests/Pods-flixTests.release.xcconfig"; sourceTree = "<group>"; };
		EAB829C240AB0AD10B85C743 /* Pods-flixTests.debug.xcconfig */ = {isa = PBXFileReference; includeInIndex = 1; lastKnownFileType = text.xcconfig; name = "Pods-flixTests.debug.xcconfig"; path = "Target Support Files/Pods-flixTests/Pods-flixTests.debug.xcconfig"; sourceTree = "<group>"; };
		F377C118C0B525F5F52D5AAA /* Pods_flixTests.framework */ = {isa = PBXFileReference; explicitFileType = wrapper.framework; includeInIndex = 0; path = Pods_flixTests.framework; sourceTree = BUILT_PRODUCTS_DIR; };
/* End PBXFileReference section */

/* Begin PBXFrameworksBuildPhase section */
		9A6A9FBA27BB46A4008B11A2 /* Frameworks */ = {
			isa = PBXFrameworksBuildPhase;
			buildActionMask = 2147483647;
			files = (
				9A6A9FFF27BC3B33008B11A2 /* AlamofireImage in Frameworks */,
				541EA7EB6281EC17AE74E90A /* Pods_flix.framework in Frameworks */,
			);
			runOnlyForDeploymentPostprocessing = 0;
		};
		9A6A9FD027BB46A6008B11A2 /* Frameworks */ = {
			isa = PBXFrameworksBuildPhase;
			buildActionMask = 2147483647;
			files = (
				489E89AEF276202EE2DEA24B /* Pods_flixTests.framework in Frameworks */,
			);
			runOnlyForDeploymentPostprocessing = 0;
		};
		9A6A9FDA27BB46A6008B11A2 /* Frameworks */ = {
			isa = PBXFrameworksBuildPhase;
			buildActionMask = 2147483647;
			files = (
				16FE950597D9280DF6CF7B6F /* Pods_flix_flixUITests.framework in Frameworks */,
			);
			runOnlyForDeploymentPostprocessing = 0;
		};
/* End PBXFrameworksBuildPhase section */

/* Begin PBXGroup section */
		9A6A9FB427BB46A4008B11A2 = {
			isa = PBXGroup;
			children = (
				9A6A9FF627BB5061008B11A2 /* Frameworks */,
				9A6A9FF527BB5059008B11A2 /* Pods */,
				9A6A9FF427BB5040008B11A2 /* Products */,
				9A6A9FBF27BB46A4008B11A2 /* flix */,
				9A6A9FD627BB46A6008B11A2 /* flixTests */,
				9A6A9FE027BB46A6008B11A2 /* flixUITests */,
				9A6A9FBE27BB46A4008B11A2 /* Products */,
			);
			sourceTree = "<group>";
		};
		9A6A9FBE27BB46A4008B11A2 /* Products */ = {
			isa = PBXGroup;
			children = (
				9A6A9FBD27BB46A4008B11A2 /* flix.app */,
				9A6A9FD327BB46A6008B11A2 /* flixTests.xctest */,
				9A6A9FDD27BB46A6008B11A2 /* flixUITests.xctest */,
			);
			name = Products;
			sourceTree = "<group>";
		};
		9A6A9FBF27BB46A4008B11A2 /* flix */ = {
			isa = PBXGroup;
			children = (
				9A6A9FC027BB46A4008B11A2 /* AppDelegate.swift */,
				9A6A9FC227BB46A4008B11A2 /* SceneDelegate.swift */,
				9A6A9FC627BB46A4008B11A2 /* Main.storyboard */,
				9A6A9FC927BB46A6008B11A2 /* Assets.xcassets */,
				9A6A9FCB27BB46A6008B11A2 /* LaunchScreen.storyboard */,
				9A6A9FCE27BB46A6008B11A2 /* Info.plist */,
				9A6A9FF927BC1F78008B11A2 /* MoviesViewController.swift */,
				9A6A9FFB27BC32DA008B11A2 /* MovieCell.swift */,
				9ADF175F27C2A89A0052ECA0 /* MovieDetailsViewController.swift */,
				9ADF176327C2F44F0052ECA0 /* MovieGridViewController.swift */,
				9AD6D0D127C4800A00631793 /* MovieGridCell.swift */,
			);
			path = flix;
			sourceTree = "<group>";
		};
		9A6A9FD627BB46A6008B11A2 /* flixTests */ = {
			isa = PBXGroup;
			children = (
				9A6A9FD727BB46A6008B11A2 /* flixTests.swift */,
			);
			path = flixTests;
			sourceTree = "<group>";
		};
		9A6A9FE027BB46A6008B11A2 /* flixUITests */ = {
			isa = PBXGroup;
			children = (
				9A6A9FE127BB46A6008B11A2 /* flixUITests.swift */,
				9A6A9FE327BB46A6008B11A2 /* flixUITestsLaunchTests.swift */,
			);
			path = flixUITests;
			sourceTree = "<group>";
		};
		9A6A9FF427BB5040008B11A2 /* Products */ = {
			isa = PBXGroup;
			children = (
			);
			path = Products;
			sourceTree = "<group>";
		};
		9A6A9FF527BB5059008B11A2 /* Pods */ = {
			isa = PBXGroup;
			children = (
				50A5E2788462B29D326B61A6 /* Pods-flix.debug.xcconfig */,
				16C7DF119500B335676CA365 /* Pods-flix.release.xcconfig */,
				5548C828FBED0B0747F333F3 /* Pods-flix-flixUITests.debug.xcconfig */,
				398F3BB171567E4D0867B68C /* Pods-flix-flixUITests.release.xcconfig */,
				EAB829C240AB0AD10B85C743 /* Pods-flixTests.debug.xcconfig */,
				A743CBBB0F77FCFE15198710 /* Pods-flixTests.release.xcconfig */,
			);
			path = Pods;
			sourceTree = "<group>";
		};
		9A6A9FF627BB5061008B11A2 /* Frameworks */ = {
			isa = PBXGroup;
			children = (
				13F64AAB154F33C3EB8B4DF0 /* Pods_flix.framework */,
				21253B9AD37D62A31812719A /* Pods_flix_flixUITests.framework */,
				F377C118C0B525F5F52D5AAA /* Pods_flixTests.framework */,
			);
			path = Frameworks;
			sourceTree = "<group>";
		};
/* End PBXGroup section */

/* Begin PBXNativeTarget section */
		9A6A9FBC27BB46A4008B11A2 /* flix */ = {
			isa = PBXNativeTarget;
			buildConfigurationList = 9A6A9FE727BB46A6008B11A2 /* Build configuration list for PBXNativeTarget "flix" */;
			buildPhases = (
				2DE05EDB51FA3FC5463AA402 /* [CP] Check Pods Manifest.lock */,
				9A6A9FB927BB46A4008B11A2 /* Sources */,
				9A6A9FBA27BB46A4008B11A2 /* Frameworks */,
				9A6A9FBB27BB46A4008B11A2 /* Resources */,
				C1D8F2E34FDCB12D24FCA7EF /* [CP] Embed Pods Frameworks */,
			);
			buildRules = (
			);
			dependencies = (
			);
			name = flix;
			packageProductDependencies = (
				9A6A9FFE27BC3B33008B11A2 /* AlamofireImage */,
			);
			productName = flix;
			productReference = 9A6A9FBD27BB46A4008B11A2 /* flix.app */;
			productType = "com.apple.product-type.application";
		};
		9A6A9FD227BB46A6008B11A2 /* flixTests */ = {
			isa = PBXNativeTarget;
			buildConfigurationList = 9A6A9FEA27BB46A6008B11A2 /* Build configuration list for PBXNativeTarget "flixTests" */;
			buildPhases = (
				D361DC552B575A29C8007248 /* [CP] Check Pods Manifest.lock */,
				9A6A9FCF27BB46A6008B11A2 /* Sources */,
				9A6A9FD027BB46A6008B11A2 /* Frameworks */,
				9A6A9FD127BB46A6008B11A2 /* Resources */,
			);
			buildRules = (
			);
			dependencies = (
				9A6A9FD527BB46A6008B11A2 /* PBXTargetDependency */,
			);
			name = flixTests;
			productName = flixTests;
			productReference = 9A6A9FD327BB46A6008B11A2 /* flixTests.xctest */;
			productType = "com.apple.product-type.bundle.unit-test";
		};
		9A6A9FDC27BB46A6008B11A2 /* flixUITests */ = {
			isa = PBXNativeTarget;
			buildConfigurationList = 9A6A9FED27BB46A6008B11A2 /* Build configuration list for PBXNativeTarget "flixUITests" */;
			buildPhases = (
				D8D643CA7D0768E9FAF0BFD8 /* [CP] Check Pods Manifest.lock */,
				9A6A9FD927BB46A6008B11A2 /* Sources */,
				9A6A9FDA27BB46A6008B11A2 /* Frameworks */,
				9A6A9FDB27BB46A6008B11A2 /* Resources */,
				9F2E16DFABF643ED24C5ECD9 /* [CP] Embed Pods Frameworks */,
			);
			buildRules = (
			);
			dependencies = (
				9A6A9FDF27BB46A6008B11A2 /* PBXTargetDependency */,
			);
			name = flixUITests;
			productName = flixUITests;
			productReference = 9A6A9FDD27BB46A6008B11A2 /* flixUITests.xctest */;
			productType = "com.apple.product-type.bundle.ui-testing";
		};
/* End PBXNativeTarget section */

/* Begin PBXProject section */
		9A6A9FB527BB46A4008B11A2 /* Project object */ = {
			isa = PBXProject;
			attributes = {
				BuildIndependentTargetsInParallel = 1;
				LastSwiftUpdateCheck = 1320;
				LastUpgradeCheck = 1320;
				TargetAttributes = {
					9A6A9FBC27BB46A4008B11A2 = {
						CreatedOnToolsVersion = 13.2.1;
					};
					9A6A9FD227BB46A6008B11A2 = {
						CreatedOnToolsVersion = 13.2.1;
						TestTargetID = 9A6A9FBC27BB46A4008B11A2;
					};
					9A6A9FDC27BB46A6008B11A2 = {
						CreatedOnToolsVersion = 13.2.1;
						TestTargetID = 9A6A9FBC27BB46A4008B11A2;
					};
				};
			};
			buildConfigurationList = 9A6A9FB827BB46A4008B11A2 /* Build configuration list for PBXProject "flix" */;
			compatibilityVersion = "Xcode 13.0";
			developmentRegion = en;
			hasScannedForEncodings = 0;
			knownRegions = (
				en,
				Base,
			);
			mainGroup = 9A6A9FB427BB46A4008B11A2;
			packageReferences = (
				9A6A9FFD27BC3B33008B11A2 /* XCRemoteSwiftPackageReference "AlamofireImage" */,
			);
			productRefGroup = 9A6A9FBE27BB46A4008B11A2 /* Products */;
			projectDirPath = "";
			projectRoot = "";
			targets = (
				9A6A9FBC27BB46A4008B11A2 /* flix */,
				9A6A9FD227BB46A6008B11A2 /* flixTests */,
				9A6A9FDC27BB46A6008B11A2 /* flixUITests */,
			);
		};
/* End PBXProject section */

/* Begin PBXResourcesBuildPhase section */
		9A6A9FBB27BB46A4008B11A2 /* Resources */ = {
			isa = PBXResourcesBuildPhase;
			buildActionMask = 2147483647;
			files = (
				9A6A9FCD27BB46A6008B11A2 /* LaunchScreen.storyboard in Resources */,
				9A6A9FCA27BB46A6008B11A2 /* Assets.xcassets in Resources */,
				9A6A9FC827BB46A4008B11A2 /* Main.storyboard in Resources */,
			);
			runOnlyForDeploymentPostprocessing = 0;
		};
		9A6A9FD127BB46A6008B11A2 /* Resources */ = {
			isa = PBXResourcesBuildPhase;
			buildActionMask = 2147483647;
			files = (
			);
			runOnlyForDeploymentPostprocessing = 0;
		};
		9A6A9FDB27BB46A6008B11A2 /* Resources */ = {
			isa = PBXResourcesBuildPhase;
			buildActionMask = 2147483647;
			files = (
			);
			runOnlyForDeploymentPostprocessing = 0;
		};
/* End PBXResourcesBuildPhase section */

/* Begin PBXShellScriptBuildPhase section */
		2DE05EDB51FA3FC5463AA402 /* [CP] Check Pods Manifest.lock */ = {
			isa = PBXShellScriptBuildPhase;
			buildActionMask = 2147483647;
			files = (
			);
			inputFileListPaths = (
			);
			inputPaths = (
				"${PODS_PODFILE_DIR_PATH}/Podfile.lock",
				"${PODS_ROOT}/Manifest.lock",
			);
			name = "[CP] Check Pods Manifest.lock";
			outputFileListPaths = (
			);
			outputPaths = (
				"$(DERIVED_FILE_DIR)/Pods-flix-checkManifestLockResult.txt",
			);
			runOnlyForDeploymentPostprocessing = 0;
			shellPath = /bin/sh;
			shellScript = "diff \"${PODS_PODFILE_DIR_PATH}/Podfile.lock\" \"${PODS_ROOT}/Manifest.lock\" > /dev/null\nif [ $? != 0 ] ; then\n    # print error to STDERR\n    echo \"error: The sandbox is not in sync with the Podfile.lock. Run 'pod install' or update your CocoaPods installation.\" >&2\n    exit 1\nfi\n# This output is used by Xcode 'outputs' to avoid re-running this script phase.\necho \"SUCCESS\" > \"${SCRIPT_OUTPUT_FILE_0}\"\n";
			showEnvVarsInLog = 0;
		};
		9F2E16DFABF643ED24C5ECD9 /* [CP] Embed Pods Frameworks */ = {
			isa = PBXShellScriptBuildPhase;
			buildActionMask = 2147483647;
			files = (
			);
			inputFileListPaths = (
				"${PODS_ROOT}/Target Support Files/Pods-flix-flixUITests/Pods-flix-flixUITests-frameworks-${CONFIGURATION}-input-files.xcfilelist",
			);
			name = "[CP] Embed Pods Frameworks";
			outputFileListPaths = (
				"${PODS_ROOT}/Target Support Files/Pods-flix-flixUITests/Pods-flix-flixUITests-frameworks-${CONFIGURATION}-output-files.xcfilelist",
			);
			runOnlyForDeploymentPostprocessing = 0;
			shellPath = /bin/sh;
			shellScript = "\"${PODS_ROOT}/Target Support Files/Pods-flix-flixUITests/Pods-flix-flixUITests-frameworks.sh\"\n";
			showEnvVarsInLog = 0;
		};
		C1D8F2E34FDCB12D24FCA7EF /* [CP] Embed Pods Frameworks */ = {
			isa = PBXShellScriptBuildPhase;
			buildActionMask = 2147483647;
			files = (
			);
			inputFileListPaths = (
				"${PODS_ROOT}/Target Support Files/Pods-flix/Pods-flix-frameworks-${CONFIGURATION}-input-files.xcfilelist",
			);
			name = "[CP] Embed Pods Frameworks";
			outputFileListPaths = (
				"${PODS_ROOT}/Target Support Files/Pods-flix/Pods-flix-frameworks-${CONFIGURATION}-output-files.xcfilelist",
			);
			runOnlyForDeploymentPostprocessing = 0;
			shellPath = /bin/sh;
			shellScript = "\"${PODS_ROOT}/Target Support Files/Pods-flix/Pods-flix-frameworks.sh\"\n";
			showEnvVarsInLog = 0;
		};
		D361DC552B575A29C8007248 /* [CP] Check Pods Manifest.lock */ = {
			isa = PBXShellScriptBuildPhase;
			buildActionMask = 2147483647;
			files = (
			);
			inputFileListPaths = (
			);
			inputPaths = (
				"${PODS_PODFILE_DIR_PATH}/Podfile.lock",
				"${PODS_ROOT}/Manifest.lock",
			);
			name = "[CP] Check Pods Manifest.lock";
			outputFileListPaths = (
			);
			outputPaths = (
				"$(DERIVED_FILE_DIR)/Pods-flixTests-checkManifestLockResult.txt",
			);
			runOnlyForDeploymentPostprocessing = 0;
			shellPath = /bin/sh;
			shellScript = "diff \"${PODS_PODFILE_DIR_PATH}/Podfile.lock\" \"${PODS_ROOT}/Manifest.lock\" > /dev/null\nif [ $? != 0 ] ; then\n    # print error to STDERR\n    echo \"error: The sandbox is not in sync with the Podfile.lock. Run 'pod install' or update your CocoaPods installation.\" >&2\n    exit 1\nfi\n# This output is used by Xcode 'outputs' to avoid re-running this script phase.\necho \"SUCCESS\" > \"${SCRIPT_OUTPUT_FILE_0}\"\n";
			showEnvVarsInLog = 0;
		};
		D8D643CA7D0768E9FAF0BFD8 /* [CP] Check Pods Manifest.lock */ = {
			isa = PBXShellScriptBuildPhase;
			buildActionMask = 2147483647;
			files = (
			);
			inputFileListPaths = (
			);
			inputPaths = (
				"${PODS_PODFILE_DIR_PATH}/Podfile.lock",
				"${PODS_ROOT}/Manifest.lock",
			);
			name = "[CP] Check Pods Manifest.lock";
			outputFileListPaths = (
			);
			outputPaths = (
				"$(DERIVED_FILE_DIR)/Pods-flix-flixUITests-checkManifestLockResult.txt",
			);
			runOnlyForDeploymentPostprocessing = 0;
			shellPath = /bin/sh;
			shellScript = "diff \"${PODS_PODFILE_DIR_PATH}/Podfile.lock\" \"${PODS_ROOT}/Manifest.lock\" > /dev/null\nif [ $? != 0 ] ; then\n    # print error to STDERR\n    echo \"error: The sandbox is not in sync with the Podfile.lock. Run 'pod install' or update your CocoaPods installation.\" >&2\n    exit 1\nfi\n# This output is used by Xcode 'outputs' to avoid re-running this script phase.\necho \"SUCCESS\" > \"${SCRIPT_OUTPUT_FILE_0}\"\n";
			showEnvVarsInLog = 0;
		};
/* End PBXShellScriptBuildPhase section */

/* Begin PBXSourcesBuildPhase section */
		9A6A9FB927BB46A4008B11A2 /* Sources */ = {
			isa = PBXSourcesBuildPhase;
			buildActionMask = 2147483647;
			files = (
				9A6A9FFA27BC1F78008B11A2 /* MoviesViewController.swift in Sources */,
				9ADF176027C2A89A0052ECA0 /* MovieDetailsViewController.swift in Sources */,
				9A6A9FC127BB46A4008B11A2 /* AppDelegate.swift in Sources */,
				9A6A9FFC27BC32DA008B11A2 /* MovieCell.swift in Sources */,
				9A6A9FC327BB46A4008B11A2 /* SceneDelegate.swift in Sources */,
				9ADF176427C2F44F0052ECA0 /* MovieGridViewController.swift in Sources */,
				9AD6D0D227C4800B00631793 /* MovieGridCell.swift in Sources */,
			);
			runOnlyForDeploymentPostprocessing = 0;
		};
		9A6A9FCF27BB46A6008B11A2 /* Sources */ = {
			isa = PBXSourcesBuildPhase;
			buildActionMask = 2147483647;
			files = (
				9A6A9FD827BB46A6008B11A2 /* flixTests.swift in Sources */,
			);
			runOnlyForDeploymentPostprocessing = 0;
		};
		9A6A9FD927BB46A6008B11A2 /* Sources */ = {
			isa = PBXSourcesBuildPhase;
			buildActionMask = 2147483647;
			files = (
				9A6A9FE227BB46A6008B11A2 /* flixUITests.swift in Sources */,
				9A6A9FE427BB46A6008B11A2 /* flixUITestsLaunchTests.swift in Sources */,
			);
			runOnlyForDeploymentPostprocessing = 0;
		};
/* End PBXSourcesBuildPhase section */

/* Begin PBXTargetDependency section */
		9A6A9FD527BB46A6008B11A2 /* PBXTargetDependency */ = {
			isa = PBXTargetDependency;
			target = 9A6A9FBC27BB46A4008B11A2 /* flix */;
			targetProxy = 9A6A9FD427BB46A6008B11A2 /* PBXContainerItemProxy */;
		};
		9A6A9FDF27BB46A6008B11A2 /* PBXTargetDependency */ = {
			isa = PBXTargetDependency;
			target = 9A6A9FBC27BB46A4008B11A2 /* flix */;
			targetProxy = 9A6A9FDE27BB46A6008B11A2 /* PBXContainerItemProxy */;
		};
/* End PBXTargetDependency section */

/* Begin PBXVariantGroup section */
		9A6A9FC627BB46A4008B11A2 /* Main.storyboard */ = {
			isa = PBXVariantGroup;
			children = (
				9A6A9FC727BB46A4008B11A2 /* Base */,
			);
			name = Main.storyboard;
			sourceTree = "<group>";
		};
		9A6A9FCB27BB46A6008B11A2 /* LaunchScreen.storyboard */ = {
			isa = PBXVariantGroup;
			children = (
				9A6A9FCC27BB46A6008B11A2 /* Base */,
			);
			name = LaunchScreen.storyboard;
			sourceTree = "<group>";
		};
/* End PBXVariantGroup section */

/* Begin XCBuildConfiguration section */
		9A6A9FE527BB46A6008B11A2 /* Debug */ = {
			isa = XCBuildConfiguration;
			buildSettings = {
				ALWAYS_SEARCH_USER_PATHS = NO;
				CLANG_ANALYZER_NONNULL = YES;
				CLANG_ANALYZER_NUMBER_OBJECT_CONVERSION = YES_AGGRESSIVE;
				CLANG_CXX_LANGUAGE_STANDARD = "gnu++17";
				CLANG_CXX_LIBRARY = "libc++";
				CLANG_ENABLE_MODULES = YES;
				CLANG_ENABLE_OBJC_ARC = YES;
				CLANG_ENABLE_OBJC_WEAK = YES;
				CLANG_WARN_BLOCK_CAPTURE_AUTORELEASING = YES;
				CLANG_WARN_BOOL_CONVERSION = YES;
				CLANG_WARN_COMMA = YES;
				CLANG_WARN_CONSTANT_CONVERSION = YES;
				CLANG_WARN_DEPRECATED_OBJC_IMPLEMENTATIONS = YES;
				CLANG_WARN_DIRECT_OBJC_ISA_USAGE = YES_ERROR;
				CLANG_WARN_DOCUMENTATION_COMMENTS = YES;
				CLANG_WARN_EMPTY_BODY = YES;
				CLANG_WARN_ENUM_CONVERSION = YES;
				CLANG_WARN_INFINITE_RECURSION = YES;
				CLANG_WARN_INT_CONVERSION = YES;
				CLANG_WARN_NON_LITERAL_NULL_CONVERSION = YES;
				CLANG_WARN_OBJC_IMPLICIT_RETAIN_SELF = YES;
				CLANG_WARN_OBJC_LITERAL_CONVERSION = YES;
				CLANG_WARN_OBJC_ROOT_CLASS = YES_ERROR;
				CLANG_WARN_QUOTED_INCLUDE_IN_FRAMEWORK_HEADER = YES;
				CLANG_WARN_RANGE_LOOP_ANALYSIS = YES;
				CLANG_WARN_STRICT_PROTOTYPES = YES;
				CLANG_WARN_SUSPICIOUS_MOVE = YES;
				CLANG_WARN_UNGUARDED_AVAILABILITY = YES_AGGRESSIVE;
				CLANG_WARN_UNREACHABLE_CODE = YES;
				CLANG_WARN__DUPLICATE_METHOD_MATCH = YES;
				COPY_PHASE_STRIP = NO;
				DEBUG_INFORMATION_FORMAT = dwarf;
				ENABLE_STRICT_OBJC_MSGSEND = YES;
				ENABLE_TESTABILITY = YES;
				GCC_C_LANGUAGE_STANDARD = gnu11;
				GCC_DYNAMIC_NO_PIC = NO;
				GCC_NO_COMMON_BLOCKS = YES;
				GCC_OPTIMIZATION_LEVEL = 0;
				GCC_PREPROCESSOR_DEFINITIONS = (
					"DEBUG=1",
					"$(inherited)",
				);
				GCC_WARN_64_TO_32_BIT_CONVERSION = YES;
				GCC_WARN_ABOUT_RETURN_TYPE = YES_ERROR;
				GCC_WARN_UNDECLARED_SELECTOR = YES;
				GCC_WARN_UNINITIALIZED_AUTOS = YES_AGGRESSIVE;
				GCC_WARN_UNUSED_FUNCTION = YES;
				GCC_WARN_UNUSED_VARIABLE = YES;
				IPHONEOS_DEPLOYMENT_TARGET = 15.2;
				MTL_ENABLE_DEBUG_INFO = INCLUDE_SOURCE;
				MTL_FAST_MATH = YES;
				ONLY_ACTIVE_ARCH = YES;
				SDKROOT = iphoneos;
				SWIFT_ACTIVE_COMPILATION_CONDITIONS = DEBUG;
				SWIFT_OPTIMIZATION_LEVEL = "-Onone";
			};
			name = Debug;
		};
		9A6A9FE627BB46A6008B11A2 /* Release */ = {
			isa = XCBuildConfiguration;
			buildSettings = {
				ALWAYS_SEARCH_USER_PATHS = NO;
				CLANG_ANALYZER_NONNULL = YES;
				CLANG_ANALYZER_NUMBER_OBJECT_CONVERSION = YES_AGGRESSIVE;
				CLANG_CXX_LANGUAGE_STANDARD = "gnu++17";
				CLANG_CXX_LIBRARY = "libc++";
				CLANG_ENABLE_MODULES = YES;
				CLANG_ENABLE_OBJC_ARC = YES;
				CLANG_ENABLE_OBJC_WEAK = YES;
				CLANG_WARN_BLOCK_CAPTURE_AUTORELEASING = YES;
				CLANG_WARN_BOOL_CONVERSION = YES;
				CLANG_WARN_COMMA = YES;
				CLANG_WARN_CONSTANT_CONVERSION = YES;
				CLANG_WARN_DEPRECATED_OBJC_IMPLEMENTATIONS = YES;
				CLANG_WARN_DIRECT_OBJC_ISA_USAGE = YES_ERROR;
				CLANG_WARN_DOCUMENTATION_COMMENTS = YES;
				CLANG_WARN_EMPTY_BODY = YES;
				CLANG_WARN_ENUM_CONVERSION = YES;
				CLANG_WARN_INFINITE_RECURSION = YES;
				CLANG_WARN_INT_CONVERSION = YES;
				CLANG_WARN_NON_LITERAL_NULL_CONVERSION = YES;
				CLANG_WARN_OBJC_IMPLICIT_RETAIN_SELF = YES;
				CLANG_WARN_OBJC_LITERAL_CONVERSION = YES;
				CLANG_WARN_OBJC_ROOT_CLASS = YES_ERROR;
				CLANG_WARN_QUOTED_INCLUDE_IN_FRAMEWORK_HEADER = YES;
				CLANG_WARN_RANGE_LOOP_ANALYSIS = YES;
				CLANG_WARN_STRICT_PROTOTYPES = YES;
				CLANG_WARN_SUSPICIOUS_MOVE = YES;
				CLANG_WARN_UNGUARDED_AVAILABILITY = YES_AGGRESSIVE;
				CLANG_WARN_UNREACHABLE_CODE = YES;
				CLANG_WARN__DUPLICATE_METHOD_MATCH = YES;
				COPY_PHASE_STRIP = NO;
				DEBUG_INFORMATION_FORMAT = "dwarf-with-dsym";
				ENABLE_NS_ASSERTIONS = NO;
				ENABLE_STRICT_OBJC_MSGSEND = YES;
				GCC_C_LANGUAGE_STANDARD = gnu11;
				GCC_NO_COMMON_BLOCKS = YES;
				GCC_WARN_64_TO_32_BIT_CONVERSION = YES;
				GCC_WARN_ABOUT_RETURN_TYPE = YES_ERROR;
				GCC_WARN_UNDECLARED_SELECTOR = YES;
				GCC_WARN_UNINITIALIZED_AUTOS = YES_AGGRESSIVE;
				GCC_WARN_UNUSED_FUNCTION = YES;
				GCC_WARN_UNUSED_VARIABLE = YES;
				IPHONEOS_DEPLOYMENT_TARGET = 15.2;
				MTL_ENABLE_DEBUG_INFO = NO;
				MTL_FAST_MATH = YES;
				SDKROOT = iphoneos;
				SWIFT_COMPILATION_MODE = wholemodule;
				SWIFT_OPTIMIZATION_LEVEL = "-O";
				VALIDATE_PRODUCT = YES;
			};
			name = Release;
		};
		9A6A9FE827BB46A6008B11A2 /* Debug */ = {
			isa = XCBuildConfiguration;
			baseConfigurationReference = 50A5E2788462B29D326B61A6 /* Pods-flix.debug.xcconfig */;
			buildSettings = {
				ASSETCATALOG_COMPILER_APPICON_NAME = AppIcon;
				ASSETCATALOG_COMPILER_GLOBAL_ACCENT_COLOR_NAME = AccentColor;
				CODE_SIGN_STYLE = Automatic;
				CURRENT_PROJECT_VERSION = 1;
				DEVELOPMENT_TEAM = WWQ4LX4KU5;
				GENERATE_INFOPLIST_FILE = YES;
				INFOPLIST_FILE = flix/Info.plist;
				INFOPLIST_KEY_UIApplicationSupportsIndirectInputEvents = YES;
				INFOPLIST_KEY_UILaunchStoryboardName = LaunchScreen;
				INFOPLIST_KEY_UIMainStoryboardFile = Main;
				INFOPLIST_KEY_UISupportedInterfaceOrientations = "UIInterfaceOrientationPortrait UIInterfaceOrientationLandscapeLeft UIInterfaceOrientationLandscapeRight";
				INFOPLIST_KEY_UISupportedInterfaceOrientations_iPad = "UIInterfaceOrientationPortrait UIInterfaceOrientationPortraitUpsideDown UIInterfaceOrientationLandscapeLeft UIInterfaceOrientationLandscapeRight";
				INFOPLIST_KEY_UISupportedInterfaceOrientations_iPhone = "UIInterfaceOrientationPortrait UIInterfaceOrientationLandscapeLeft UIInterfaceOrientationLandscapeRight";
				LD_RUNPATH_SEARCH_PATHS = (
					"$(inherited)",
					"@executable_path/Frameworks",
				);
				MARKETING_VERSION = 1.0;
				PRODUCT_BUNDLE_IDENTIFIER = memo.com.flix;
				PRODUCT_NAME = "$(TARGET_NAME)";
				SWIFT_EMIT_LOC_STRINGS = YES;
				SWIFT_VERSION = 5.0;
				TARGETED_DEVICE_FAMILY = "1,2";
			};
			name = Debug;
		};
		9A6A9FE927BB46A6008B11A2 /* Release */ = {
			isa = XCBuildConfiguration;
			baseConfigurationReference = 16C7DF119500B335676CA365 /* Pods-flix.release.xcconfig */;
			buildSettings = {
				ASSETCATALOG_COMPILER_APPICON_NAME = AppIcon;
				ASSETCATALOG_COMPILER_GLOBAL_ACCENT_COLOR_NAME = AccentColor;
				CODE_SIGN_STYLE = Automatic;
				CURRENT_PROJECT_VERSION = 1;
				DEVELOPMENT_TEAM = WWQ4LX4KU5;
				GENERATE_INFOPLIST_FILE = YES;
				INFOPLIST_FILE = flix/Info.plist;
				INFOPLIST_KEY_UIApplicationSupportsIndirectInputEvents = YES;
				INFOPLIST_KEY_UILaunchStoryboardName = LaunchScreen;
				INFOPLIST_KEY_UIMainStoryboardFile = Main;
				INFOPLIST_KEY_UISupportedInterfaceOrientations = "UIInterfaceOrientationPortrait UIInterfaceOrientationLandscapeLeft UIInterfaceOrientationLandscapeRight";
				INFOPLIST_KEY_UISupportedInterfaceOrientations_iPad = "UIInterfaceOrientationPortrait UIInterfaceOrientationPortraitUpsideDown UIInterfaceOrientationLandscapeLeft UIInterfaceOrientationLandscapeRight";
				INFOPLIST_KEY_UISupportedInterfaceOrientations_iPhone = "UIInterfaceOrientationPortrait UIInterfaceOrientationLandscapeLeft UIInterfaceOrientationLandscapeRight";
				LD_RUNPATH_SEARCH_PATHS = (
					"$(inherited)",
					"@executable_path/Frameworks",
				);
				MARKETING_VERSION = 1.0;
				PRODUCT_BUNDLE_IDENTIFIER = memo.com.flix;
				PRODUCT_NAME = "$(TARGET_NAME)";
				SWIFT_EMIT_LOC_STRINGS = YES;
				SWIFT_VERSION = 5.0;
				TARGETED_DEVICE_FAMILY = "1,2";
			};
			name = Release;
		};
		9A6A9FEB27BB46A6008B11A2 /* Debug */ = {
			isa = XCBuildConfiguration;
			baseConfigurationReference = EAB829C240AB0AD10B85C743 /* Pods-flixTests.debug.xcconfig */;
			buildSettings = {
				ALWAYS_EMBED_SWIFT_STANDARD_LIBRARIES = YES;
				BUNDLE_LOADER = "$(TEST_HOST)";
				CODE_SIGN_STYLE = Automatic;
				CURRENT_PROJECT_VERSION = 1;
				DEVELOPMENT_TEAM = WWQ4LX4KU5;
				GENERATE_INFOPLIST_FILE = YES;
				IPHONEOS_DEPLOYMENT_TARGET = 15.2;
				MARKETING_VERSION = 1.0;
				PRODUCT_BUNDLE_IDENTIFIER = memo.com.flixTests;
				PRODUCT_NAME = "$(TARGET_NAME)";
				SWIFT_EMIT_LOC_STRINGS = NO;
				SWIFT_VERSION = 5.0;
				TARGETED_DEVICE_FAMILY = "1,2";
				TEST_HOST = "$(BUILT_PRODUCTS_DIR)/flix.app/flix";
			};
			name = Debug;
		};
		9A6A9FEC27BB46A6008B11A2 /* Release */ = {
			isa = XCBuildConfiguration;
			baseConfigurationReference = A743CBBB0F77FCFE15198710 /* Pods-flixTests.release.xcconfig */;
			buildSettings = {
				ALWAYS_EMBED_SWIFT_STANDARD_LIBRARIES = YES;
				BUNDLE_LOADER = "$(TEST_HOST)";
				CODE_SIGN_STYLE = Automatic;
				CURRENT_PROJECT_VERSION = 1;
				DEVELOPMENT_TEAM = WWQ4LX4KU5;
				GENERATE_INFOPLIST_FILE = YES;
				IPHONEOS_DEPLOYMENT_TARGET = 15.2;
				MARKETING_VERSION = 1.0;
				PRODUCT_BUNDLE_IDENTIFIER = memo.com.flixTests;
				PRODUCT_NAME = "$(TARGET_NAME)";
				SWIFT_EMIT_LOC_STRINGS = NO;
				SWIFT_VERSION = 5.0;
				TARGETED_DEVICE_FAMILY = "1,2";
				TEST_HOST = "$(BUILT_PRODUCTS_DIR)/flix.app/flix";
			};
			name = Release;
		};
		9A6A9FEE27BB46A6008B11A2 /* Debug */ = {
			isa = XCBuildConfiguration;
			baseConfigurationReference = 5548C828FBED0B0747F333F3 /* Pods-flix-flixUITests.debug.xcconfig */;
			buildSettings = {
				ALWAYS_EMBED_SWIFT_STANDARD_LIBRARIES = YES;
				CODE_SIGN_STYLE = Automatic;
				CURRENT_PROJECT_VERSION = 1;
				DEVELOPMENT_TEAM = WWQ4LX4KU5;
				GENERATE_INFOPLIST_FILE = YES;
				MARKETING_VERSION = 1.0;
				PRODUCT_BUNDLE_IDENTIFIER = memo.com.flixUITests;
				PRODUCT_NAME = "$(TARGET_NAME)";
				SWIFT_EMIT_LOC_STRINGS = NO;
				SWIFT_VERSION = 5.0;
				TARGETED_DEVICE_FAMILY = "1,2";
				TEST_TARGET_NAME = flix;
			};
			name = Debug;
		};
		9A6A9FEF27BB46A6008B11A2 /* Release */ = {
			isa = XCBuildConfiguration;
			baseConfigurationReference = 398F3BB171567E4D0867B68C /* Pods-flix-flixUITests.release.xcconfig */;
			buildSettings = {
				ALWAYS_EMBED_SWIFT_STANDARD_LIBRARIES = YES;
				CODE_SIGN_STYLE = Automatic;
				CURRENT_PROJECT_VERSION = 1;
				DEVELOPMENT_TEAM = WWQ4LX4KU5;
				GENERATE_INFOPLIST_FILE = YES;
				MARKETING_VERSION = 1.0;
				PRODUCT_BUNDLE_IDENTIFIER = memo.com.flixUITests;
				PRODUCT_NAME = "$(TARGET_NAME)";
				SWIFT_EMIT_LOC_STRINGS = NO;
				SWIFT_VERSION = 5.0;
				TARGETED_DEVICE_FAMILY = "1,2";
				TEST_TARGET_NAME = flix;
			};
			name = Release;
		};
/* End XCBuildConfiguration section */

/* Begin XCConfigurationList section */
		9A6A9FB827BB46A4008B11A2 /* Build configuration list for PBXProject "flix" */ = {
			isa = XCConfigurationList;
			buildConfigurations = (
				9A6A9FE527BB46A6008B11A2 /* Debug */,
				9A6A9FE627BB46A6008B11A2 /* Release */,
			);
			defaultConfigurationIsVisible = 0;
			defaultConfigurationName = Release;
		};
		9A6A9FE727BB46A6008B11A2 /* Build configuration list for PBXNativeTarget "flix" */ = {
			isa = XCConfigurationList;
			buildConfigurations = (
				9A6A9FE827BB46A6008B11A2 /* Debug */,
				9A6A9FE927BB46A6008B11A2 /* Release */,
			);
			defaultConfigurationIsVisible = 0;
			defaultConfigurationName = Release;
		};
		9A6A9FEA27BB46A6008B11A2 /* Build configuration list for PBXNativeTarget "flixTests" */ = {
			isa = XCConfigurationList;
			buildConfigurations = (
				9A6A9FEB27BB46A6008B11A2 /* Debug */,
				9A6A9FEC27BB46A6008B11A2 /* Release */,
			);
			defaultConfigurationIsVisible = 0;
			defaultConfigurationName = Release;
		};
		9A6A9FED27BB46A6008B11A2 /* Build configuration list for PBXNativeTarget "flixUITests" */ = {
			isa = XCConfigurationList;
			buildConfigurations = (
				9A6A9FEE27BB46A6008B11A2 /* Debug */,
				9A6A9FEF27BB46A6008B11A2 /* Release */,
			);
			defaultConfigurationIsVisible = 0;
			defaultConfigurationName = Release;
		};
/* End XCConfigurationList section */

/* Begin XCRemoteSwiftPackageReference section */
		9A6A9FFD27BC3B33008B11A2 /* XCRemoteSwiftPackageReference "AlamofireImage" */ = {
			isa = XCRemoteSwiftPackageReference;
			repositoryURL = "https://github.com/Alamofire/AlamofireImage";
			requirement = {
				branch = master;
				kind = branch;
			};
		};
/* End XCRemoteSwiftPackageReference section */

/* Begin XCSwiftPackageProductDependency section */
		9A6A9FFE27BC3B33008B11A2 /* AlamofireImage */ = {
			isa = XCSwiftPackageProductDependency;
			package = 9A6A9FFD27BC3B33008B11A2 /* XCRemoteSwiftPackageReference "AlamofireImage" */;
			productName = AlamofireImage;
		};
/* End XCSwiftPackageProductDependency section */
	};
	rootObject = 9A6A9FB527BB46A4008B11A2 /* Project object */;
}
